// !$*UTF8*$!
{
	archiveVersion = 1;
	classes = {
	};
	objectVersion = 55;
	objects = {

/* Begin PBXBuildFile section */
		4F0B71062822AFD300CCD755 /* SplashViewController.swift in Sources */ = {isa = PBXBuildFile; fileRef = 4F0B71052822AFD200CCD755 /* SplashViewController.swift */; };
		4F0B71082822B3A900CCD755 /* GuideViewController.swift in Sources */ = {isa = PBXBuildFile; fileRef = 4F0B71072822B3A900CCD755 /* GuideViewController.swift */; };
		4F0B710B2822B96100CCD755 /* Constant.swift in Sources */ = {isa = PBXBuildFile; fileRef = 4F0B710A2822B96100CCD755 /* Constant.swift */; };
		4F3942052826997100CE2EED /* HomeTableViewController.swift in Sources */ = {isa = PBXBuildFile; fileRef = 4F3942042826997100CE2EED /* HomeTableViewController.swift */; };
		4F3942092826A65100CE2EED /* HomeCellTableViewCell.swift in Sources */ = {isa = PBXBuildFile; fileRef = 4F3942082826A65000CE2EED /* HomeCellTableViewCell.swift */; };
		4F39420B2826AF2F00CE2EED /* team.plist in Resources */ = {isa = PBXBuildFile; fileRef = 4F39420A2826AF2F00CE2EED /* team.plist */; };
		4F5F725328265D6F00B55C7F /* RegisterViewController.swift in Sources */ = {isa = PBXBuildFile; fileRef = 4F5F725228265D6F00B55C7F /* RegisterViewController.swift */; };
		4F7B146F2826BFB400B01A1E /* DetailViewController.swift in Sources */ = {isa = PBXBuildFile; fileRef = 4F7B146E2826BFB400B01A1E /* DetailViewController.swift */; };
		4F84340C2823B45700549D5A /* LoginViewController.swift in Sources */ = {isa = PBXBuildFile; fileRef = 4F84340B2823B45700549D5A /* LoginViewController.swift */; };
		4FEC356728228E630062A796 /* AppDelegate.swift in Sources */ = {isa = PBXBuildFile; fileRef = 4FEC356628228E630062A796 /* AppDelegate.swift */; };
		4FEC356E28228E630062A796 /* Main.storyboard in Resources */ = {isa = PBXBuildFile; fileRef = 4FEC356C28228E630062A796 /* Main.storyboard */; };
		4FEC357028228E640062A796 /* Assets.xcassets in Resources */ = {isa = PBXBuildFile; fileRef = 4FEC356F28228E640062A796 /* Assets.xcassets */; };
		4FEC357328228E640062A796 /* LaunchScreen.storyboard in Resources */ = {isa = PBXBuildFile; fileRef = 4FEC357128228E640062A796 /* LaunchScreen.storyboard */; };
		4FEC357E28228E640062A796 /* NewsAppTests.swift in Sources */ = {isa = PBXBuildFile; fileRef = 4FEC357D28228E640062A796 /* NewsAppTests.swift */; };
		4FEC358828228E640062A796 /* NewsAppUITests.swift in Sources */ = {isa = PBXBuildFile; fileRef = 4FEC358728228E640062A796 /* NewsAppUITests.swift */; };
		4FEC358A28228E640062A796 /* NewsAppUITestsLaunchTests.swift in Sources */ = {isa = PBXBuildFile; fileRef = 4FEC358928228E640062A796 /* NewsAppUITestsLaunchTests.swift */; };
/* End PBXBuildFile section */

/* Begin PBXContainerItemProxy section */
		4FEC357A28228E640062A796 /* PBXContainerItemProxy */ = {
			isa = PBXContainerItemProxy;
			containerPortal = 4FEC355B28228E630062A796 /* Project object */;
			proxyType = 1;
			remoteGlobalIDString = 4FEC356228228E630062A796;
			remoteInfo = NewsApp;
		};
		4FEC358428228E640062A796 /* PBXContainerItemProxy */ = {
			isa = PBXContainerItemProxy;
			containerPortal = 4FEC355B28228E630062A796 /* Project object */;
			proxyType = 1;
			remoteGlobalIDString = 4FEC356228228E630062A796;
			remoteInfo = NewsApp;
		};
/* End PBXContainerItemProxy section */

/* Begin PBXFileReference section */
		4F0B71052822AFD200CCD755 /* SplashViewController.swift */ = {isa = PBXFileReference; lastKnownFileType = sourcecode.swift; path = SplashViewController.swift; sourceTree = "<group>"; };
		4F0B71072822B3A900CCD755 /* GuideViewController.swift */ = {isa = PBXFileReference; lastKnownFileType = sourcecode.swift; path = GuideViewController.swift; sourceTree = "<group>"; };
		4F0B710A2822B96100CCD755 /* Constant.swift */ = {isa = PBXFileReference; lastKnownFileType = sourcecode.swift; path = Constant.swift; sourceTree = "<group>"; };
		4F3942042826997100CE2EED /* HomeTableViewController.swift */ = {isa = PBXFileReference; lastKnownFileType = sourcecode.swift; path = HomeTableViewController.swift; sourceTree = "<group>"; };
		4F3942082826A65000CE2EED /* HomeCellTableViewCell.swift */ = {isa = PBXFileReference; lastKnownFileType = sourcecode.swift; path = HomeCellTableViewCell.swift; sourceTree = "<group>"; };
		4F39420A2826AF2F00CE2EED /* team.plist */ = {isa = PBXFileReference; fileEncoding = 4; lastKnownFileType = text.plist.xml; path = team.plist; sourceTree = "<group>"; };
		4F5F725228265D6F00B55C7F /* RegisterViewController.swift */ = {isa = PBXFileReference; fileEncoding = 4; lastKnownFileType = sourcecode.swift; path = RegisterViewController.swift; sourceTree = "<group>"; };
		4F7B146E2826BFB400B01A1E /* DetailViewController.swift */ = {isa = PBXFileReference; lastKnownFileType = sourcecode.swift; path = DetailViewController.swift; sourceTree = "<group>"; };
		4F84340B2823B45700549D5A /* LoginViewController.swift */ = {isa = PBXFileReference; lastKnownFileType = sourcecode.swift; path = LoginViewController.swift; sourceTree = "<group>"; };
		4FEC356328228E630062A796 /* NewsApp.app */ = {isa = PBXFileReference; explicitFileType = wrapper.application; includeInIndex = 0; path = NewsApp.app; sourceTree = BUILT_PRODUCTS_DIR; };
		4FEC356628228E630062A796 /* AppDelegate.swift */ = {isa = PBXFileReference; lastKnownFileType = sourcecode.swift; path = AppDelegate.swift; sourceTree = "<group>"; };
		4FEC356D28228E630062A796 /* Base */ = {isa = PBXFileReference; lastKnownFileType = file.storyboard; name = Base; path = Base.lproj/Main.storyboard; sourceTree = "<group>"; };
		4FEC356F28228E640062A796 /* Assets.xcassets */ = {isa = PBXFileReference; lastKnownFileType = folder.assetcatalog; path = Assets.xcassets; sourceTree = "<group>"; };
		4FEC357228228E640062A796 /* Base */ = {isa = PBXFileReference; lastKnownFileType = file.storyboard; name = Base; path = Base.lproj/LaunchScreen.storyboard; sourceTree = "<group>"; };
		4FEC357428228E640062A796 /* Info.plist */ = {isa = PBXFileReference; lastKnownFileType = text.plist.xml; path = Info.plist; sourceTree = "<group>"; };
		4FEC357928228E640062A796 /* NewsAppTests.xctest */ = {isa = PBXFileReference; explicitFileType = wrapper.cfbundle; includeInIndex = 0; path = NewsAppTests.xctest; sourceTree = BUILT_PRODUCTS_DIR; };
		4FEC357D28228E640062A796 /* NewsAppTests.swift */ = {isa = PBXFileReference; lastKnownFileType = sourcecode.swift; path = NewsAppTests.swift; sourceTree = "<group>"; };
		4FEC358328228E640062A796 /* NewsAppUITests.xctest */ = {isa = PBXFileReference; explicitFileType = wrapper.cfbundle; includeInIndex = 0; path = NewsAppUITests.xctest; sourceTree = BUILT_PRODUCTS_DIR; };
		4FEC358728228E640062A796 /* NewsAppUITests.swift */ = {isa = PBXFileReference; lastKnownFileType = sourcecode.swift; path = NewsAppUITests.swift; sourceTree = "<group>"; };
		4FEC358928228E640062A796 /* NewsAppUITestsLaunchTests.swift */ = {isa = PBXFileReference; lastKnownFileType = sourcecode.swift; path = NewsAppUITestsLaunchTests.swift; sourceTree = "<group>"; };
/* End PBXFileReference section */

/* Begin PBXFrameworksBuildPhase section */
		4FEC356028228E630062A796 /* Frameworks */ = {
			isa = PBXFrameworksBuildPhase;
			buildActionMask = 2147483647;
			files = (
			);
			runOnlyForDeploymentPostprocessing = 0;
		};
		4FEC357628228E640062A796 /* Frameworks */ = {
			isa = PBXFrameworksBuildPhase;
			buildActionMask = 2147483647;
			files = (
			);
			runOnlyForDeploymentPostprocessing = 0;
		};
		4FEC358028228E640062A796 /* Frameworks */ = {
			isa = PBXFrameworksBuildPhase;
			buildActionMask = 2147483647;
			files = (
			);
			runOnlyForDeploymentPostprocessing = 0;
		};
/* End PBXFrameworksBuildPhase section */

/* Begin PBXGroup section */
		4F0B71022822ABF800CCD755 /* ViewControll */ = {
			isa = PBXGroup;
			children = (
				4F0B71052822AFD200CCD755 /* SplashViewController.swift */,
				4F0B71072822B3A900CCD755 /* GuideViewController.swift */,
				4F84340B2823B45700549D5A /* LoginViewController.swift */,
				4F5F725228265D6F00B55C7F /* RegisterViewController.swift */,
				4F3942042826997100CE2EED /* HomeTableViewController.swift */,
				4F7B146E2826BFB400B01A1E /* DetailViewController.swift */,
			);
			path = ViewControll;
			sourceTree = "<group>";
		};
		4F0B71092822B86000CCD755 /* Util */ = {
			isa = PBXGroup;
			children = (
				4F0B710A2822B96100CCD755 /* Constant.swift */,
			);
			path = Util;
			sourceTree = "<group>";
		};
		4F5F725428265E5600B55C7F /* Model */ = {
			isa = PBXGroup;
			children = (
				4F3942082826A65000CE2EED /* HomeCellTableViewCell.swift */,
			);
			path = Model;
			sourceTree = "<group>";
		};
		4FEC355A28228E630062A796 = {
			isa = PBXGroup;
			children = (
				4FEC356528228E630062A796 /* NewsApp */,
				4FEC357C28228E640062A796 /* NewsAppTests */,
				4FEC358628228E640062A796 /* NewsAppUITests */,
				4FEC356428228E630062A796 /* Products */,
			);
			sourceTree = "<group>";
		};
		4FEC356428228E630062A796 /* Products */ = {
			isa = PBXGroup;
			children = (
				4FEC356328228E630062A796 /* NewsApp.app */,
				4FEC357928228E640062A796 /* NewsAppTests.xctest */,
				4FEC358328228E640062A796 /* NewsAppUITests.xctest */,
			);
			name = Products;
			sourceTree = "<group>";
		};
		4FEC356528228E630062A796 /* NewsApp */ = {
			isa = PBXGroup;
			children = (
				4F5F725428265E5600B55C7F /* Model */,
				4F0B71092822B86000CCD755 /* Util */,
				4F0B71022822ABF800CCD755 /* ViewControll */,
				4FEC356628228E630062A796 /* AppDelegate.swift */,
				4FEC356C28228E630062A796 /* Main.storyboard */,
				4FEC356F28228E640062A796 /* Assets.xcassets */,
				4FEC357128228E640062A796 /* LaunchScreen.storyboard */,
				4F39420A2826AF2F00CE2EED /* team.plist */,
				4FEC357428228E640062A796 /* Info.plist */,
			);
			path = NewsApp;
			sourceTree = "<group>";
		};
		4FEC357C28228E640062A796 /* NewsAppTests */ = {
			isa = PBXGroup;
			children = (
				4FEC357D28228E640062A796 /* NewsAppTests.swift */,
			);
			path = NewsAppTests;
			sourceTree = "<group>";
		};
		4FEC358628228E640062A796 /* NewsAppUITests */ = {
			isa = PBXGroup;
			children = (
				4FEC358728228E640062A796 /* NewsAppUITests.swift */,
				4FEC358928228E640062A796 /* NewsAppUITestsLaunchTests.swift */,
			);
			path = NewsAppUITests;
			sourceTree = "<group>";
		};
/* End PBXGroup section */

/* Begin PBXNativeTarget section */
		4FEC356228228E630062A796 /* NewsApp */ = {
			isa = PBXNativeTarget;
			buildConfigurationList = 4FEC358D28228E640062A796 /* Build configuration list for PBXNativeTarget "NewsApp" */;
			buildPhases = (
				4FEC355F28228E630062A796 /* Sources */,
				4FEC356028228E630062A796 /* Frameworks */,
				4FEC356128228E630062A796 /* Resources */,
			);
			buildRules = (
			);
			dependencies = (
			);
			name = NewsApp;
			productName = NewsApp;
			productReference = 4FEC356328228E630062A796 /* NewsApp.app */;
			productType = "com.apple.product-type.application";
		};
		4FEC357828228E640062A796 /* NewsAppTests */ = {
			isa = PBXNativeTarget;
			buildConfigurationList = 4FEC359028228E640062A796 /* Build configuration list for PBXNativeTarget "NewsAppTests" */;
			buildPhases = (
				4FEC357528228E640062A796 /* Sources */,
				4FEC357628228E640062A796 /* Frameworks */,
				4FEC357728228E640062A796 /* Resources */,
			);
			buildRules = (
			);
			dependencies = (
				4FEC357B28228E640062A796 /* PBXTargetDependency */,
			);
			name = NewsAppTests;
			productName = NewsAppTests;
			productReference = 4FEC357928228E640062A796 /* NewsAppTests.xctest */;
			productType = "com.apple.product-type.bundle.unit-test";
		};
		4FEC358228228E640062A796 /* NewsAppUITests */ = {
			isa = PBXNativeTarget;
			buildConfigurationList = 4FEC359328228E640062A796 /* Build configuration list for PBXNativeTarget "NewsAppUITests" */;
			buildPhases = (
				4FEC357F28228E640062A796 /* Sources */,
				4FEC358028228E640062A796 /* Frameworks */,
				4FEC358128228E640062A796 /* Resources */,
			);
			buildRules = (
			);
			dependencies = (
				4FEC358528228E640062A796 /* PBXTargetDependency */,
			);
			name = NewsAppUITests;
			productName = NewsAppUITests;
			productReference = 4FEC358328228E640062A796 /* NewsAppUITests.xctest */;
			productType = "com.apple.product-type.bundle.ui-testing";
		};
/* End PBXNativeTarget section */

/* Begin PBXProject section */
		4FEC355B28228E630062A796 /* Project object */ = {
			isa = PBXProject;
			attributes = {
				BuildIndependentTargetsInParallel = 1;
				LastSwiftUpdateCheck = 1330;
				LastUpgradeCheck = 1330;
				TargetAttributes = {
					4FEC356228228E630062A796 = {
						CreatedOnToolsVersion = 13.3.1;
					};
					4FEC357828228E640062A796 = {
						CreatedOnToolsVersion = 13.3.1;
						TestTargetID = 4FEC356228228E630062A796;
					};
					4FEC358228228E640062A796 = {
						CreatedOnToolsVersion = 13.3.1;
						TestTargetID = 4FEC356228228E630062A796;
					};
				};
			};
			buildConfigurationList = 4FEC355E28228E630062A796 /* Build configuration list for PBXProject "NewsApp" */;
			compatibilityVersion = "Xcode 13.0";
			developmentRegion = en;
			hasScannedForEncodings = 0;
			knownRegions = (
				en,
				Base,
			);
			mainGroup = 4FEC355A28228E630062A796;
			productRefGroup = 4FEC356428228E630062A796 /* Products */;
			projectDirPath = "";
			projectRoot = "";
			targets = (
				4FEC356228228E630062A796 /* NewsApp */,
				4FEC357828228E640062A796 /* NewsAppTests */,
				4FEC358228228E640062A796 /* NewsAppUITests */,
			);
		};
/* End PBXProject section */

/* Begin PBXResourcesBuildPhase section */
		4FEC356128228E630062A796 /* Resources */ = {
			isa = PBXResourcesBuildPhase;
			buildActionMask = 2147483647;
			files = (
				4FEC357328228E640062A796 /* LaunchScreen.storyboard in Resources */,
				4FEC357028228E640062A796 /* Assets.xcassets in Resources */,
				4FEC356E28228E630062A796 /* Main.storyboard in Resources */,
				4F39420B2826AF2F00CE2EED /* team.plist in Resources */,
			);
			runOnlyForDeploymentPostprocessing = 0;
		};
		4FEC357728228E640062A796 /* Resources */ = {
			isa = PBXResourcesBuildPhase;
			buildActionMask = 2147483647;
			files = (
			);
			runOnlyForDeploymentPostprocessing = 0;
		};
		4FEC358128228E640062A796 /* Resources */ = {
			isa = PBXResourcesBuildPhase;
			buildActionMask = 2147483647;
			files = (
			);
			runOnlyForDeploymentPostprocessing = 0;
		};
/* End PBXResourcesBuildPhase section */

/* Begin PBXSourcesBuildPhase section */
		4FEC355F28228E630062A796 /* Sources */ = {
			isa = PBXSourcesBuildPhase;
			buildActionMask = 2147483647;
			files = (
				4F7B146F2826BFB400B01A1E /* DetailViewController.swift in Sources */,
				4F0B71062822AFD300CCD755 /* SplashViewController.swift in Sources */,
				4F84340C2823B45700549D5A /* LoginViewController.swift in Sources */,
				4F3942092826A65100CE2EED /* HomeCellTableViewCell.swift in Sources */,
				4F0B71082822B3A900CCD755 /* GuideViewController.swift in Sources */,
				4F5F725328265D6F00B55C7F /* RegisterViewController.swift in Sources */,
				4F3942052826997100CE2EED /* HomeTableViewController.swift in Sources */,
				4F0B710B2822B96100CCD755 /* Constant.swift in Sources */,
				4FEC356728228E630062A796 /* AppDelegate.swift in Sources */,
			);
			runOnlyForDeploymentPostprocessing = 0;
		};
		4FEC357528228E640062A796 /* Sources */ = {
			isa = PBXSourcesBuildPhase;
			buildActionMask = 2147483647;
			files = (
				4FEC357E28228E640062A796 /* NewsAppTests.swift in Sources */,
			);
			runOnlyForDeploymentPostprocessing = 0;
		};
		4FEC357F28228E640062A796 /* Sources */ = {
			isa = PBXSourcesBuildPhase;
			buildActionMask = 2147483647;
			files = (
				4FEC358828228E640062A796 /* NewsAppUITests.swift in Sources */,
				4FEC358A28228E640062A796 /* NewsAppUITestsLaunchTests.swift in Sources */,
			);
			runOnlyForDeploymentPostprocessing = 0;
		};
/* End PBXSourcesBuildPhase section */

/* Begin PBXTargetDependency section */
		4FEC357B28228E640062A796 /* PBXTargetDependency */ = {
			isa = PBXTargetDependency;
			target = 4FEC356228228E630062A796 /* NewsApp */;
			targetProxy = 4FEC357A28228E640062A796 /* PBXContainerItemProxy */;
		};
		4FEC358528228E640062A796 /* PBXTargetDependency */ = {
			isa = PBXTargetDependency;
			target = 4FEC356228228E630062A796 /* NewsApp */;
			targetProxy = 4FEC358428228E640062A796 /* PBXContainerItemProxy */;
		};
/* End PBXTargetDependency section */

/* Begin PBXVariantGroup section */
		4FEC356C28228E630062A796 /* Main.storyboard */ = {
			isa = PBXVariantGroup;
			children = (
				4FEC356D28228E630062A796 /* Base */,
			);
			name = Main.storyboard;
			sourceTree = "<group>";
		};
		4FEC357128228E640062A796 /* LaunchScreen.storyboard */ = {
			isa = PBXVariantGroup;
			children = (
				4FEC357228228E640062A796 /* Base */,
			);
			name = LaunchScreen.storyboard;
			sourceTree = "<group>";
		};
/* End PBXVariantGroup section */

/* Begin XCBuildConfiguration section */
		4FEC358B28228E640062A796 /* Debug */ = {
			isa = XCBuildConfiguration;
			buildSettings = {
				ALWAYS_SEARCH_USER_PATHS = NO;
				CLANG_ANALYZER_NONNULL = YES;
				CLANG_ANALYZER_NUMBER_OBJECT_CONVERSION = YES_AGGRESSIVE;
				CLANG_CXX_LANGUAGE_STANDARD = "gnu++17";
				CLANG_ENABLE_MODULES = YES;
				CLANG_ENABLE_OBJC_ARC = YES;
				CLANG_ENABLE_OBJC_WEAK = YES;
				CLANG_WARN_BLOCK_CAPTURE_AUTORELEASING = YES;
				CLANG_WARN_BOOL_CONVERSION = YES;
				CLANG_WARN_COMMA = YES;
				CLANG_WARN_CONSTANT_CONVERSION = YES;
				CLANG_WARN_DEPRECATED_OBJC_IMPLEMENTATIONS = YES;
				CLANG_WARN_DIRECT_OBJC_ISA_USAGE = YES_ERROR;
				CLANG_WARN_DOCUMENTATION_COMMENTS = YES;
				CLANG_WARN_EMPTY_BODY = YES;
				CLANG_WARN_ENUM_CONVERSION = YES;
				CLANG_WARN_INFINITE_RECURSION = YES;
				CLANG_WARN_INT_CONVERSION = YES;
				CLANG_WARN_NON_LITERAL_NULL_CONVERSION = YES;
				CLANG_WARN_OBJC_IMPLICIT_RETAIN_SELF = YES;
				CLANG_WARN_OBJC_LITERAL_CONVERSION = YES;
				CLANG_WARN_OBJC_ROOT_CLASS = YES_ERROR;
				CLANG_WARN_QUOTED_INCLUDE_IN_FRAMEWORK_HEADER = YES;
				CLANG_WARN_RANGE_LOOP_ANALYSIS = YES;
				CLANG_WARN_STRICT_PROTOTYPES = YES;
				CLANG_WARN_SUSPICIOUS_MOVE = YES;
				CLANG_WARN_UNGUARDED_AVAILABILITY = YES_AGGRESSIVE;
				CLANG_WARN_UNREACHABLE_CODE = YES;
				CLANG_WARN__DUPLICATE_METHOD_MATCH = YES;
				COPY_PHASE_STRIP = NO;
				DEBUG_INFORMATION_FORMAT = dwarf;
				ENABLE_STRICT_OBJC_MSGSEND = YES;
				ENABLE_TESTABILITY = YES;
				GCC_C_LANGUAGE_STANDARD = gnu11;
				GCC_DYNAMIC_NO_PIC = NO;
				GCC_NO_COMMON_BLOCKS = YES;
				GCC_OPTIMIZATION_LEVEL = 0;
				GCC_PREPROCESSOR_DEFINITIONS = (
					"DEBUG=1",
					"$(inherited)",
				);
				GCC_WARN_64_TO_32_BIT_CONVERSION = YES;
				GCC_WARN_ABOUT_RETURN_TYPE = YES_ERROR;
				GCC_WARN_UNDECLARED_SELECTOR = YES;
				GCC_WARN_UNINITIALIZED_AUTOS = YES_AGGRESSIVE;
				GCC_WARN_UNUSED_FUNCTION = YES;
				GCC_WARN_UNUSED_VARIABLE = YES;
				IPHONEOS_DEPLOYMENT_TARGET = 15.4;
				MTL_ENABLE_DEBUG_INFO = INCLUDE_SOURCE;
				MTL_FAST_MATH = YES;
				ONLY_ACTIVE_ARCH = YES;
				SDKROOT = iphoneos;
				SWIFT_ACTIVE_COMPILATION_CONDITIONS = DEBUG;
				SWIFT_OPTIMIZATION_LEVEL = "-Onone";
			};
			name = Debug;
		};
		4FEC358C28228E640062A796 /* Release */ = {
			isa = XCBuildConfiguration;
			buildSettings = {
				ALWAYS_SEARCH_USER_PATHS = NO;
				CLANG_ANALYZER_NONNULL = YES;
				CLANG_ANALYZER_NUMBER_OBJECT_CONVERSION = YES_AGGRESSIVE;
				CLANG_CXX_LANGUAGE_STANDARD = "gnu++17";
				CLANG_ENABLE_MODULES = YES;
				CLANG_ENABLE_OBJC_ARC = YES;
				CLANG_ENABLE_OBJC_WEAK = YES;
				CLANG_WARN_BLOCK_CAPTURE_AUTORELEASING = YES;
				CLANG_WARN_BOOL_CONVERSION = YES;
				CLANG_WARN_COMMA = YES;
				CLANG_WARN_CONSTANT_CONVERSION = YES;
				CLANG_WARN_DEPRECATED_OBJC_IMPLEMENTATIONS = YES;
				CLANG_WARN_DIRECT_OBJC_ISA_USAGE = YES_ERROR;
				CLANG_WARN_DOCUMENTATION_COMMENTS = YES;
				CLANG_WARN_EMPTY_BODY = YES;
				CLANG_WARN_ENUM_CONVERSION = YES;
				CLANG_WARN_INFINITE_RECURSION = YES;
				CLANG_WARN_INT_CONVERSION = YES;
				CLANG_WARN_NON_LITERAL_NULL_CONVERSION = YES;
				CLANG_WARN_OBJC_IMPLICIT_RETAIN_SELF = YES;
				CLANG_WARN_OBJC_LITERAL_CONVERSION = YES;
				CLANG_WARN_OBJC_ROOT_CLASS = YES_ERROR;
				CLANG_WARN_QUOTED_INCLUDE_IN_FRAMEWORK_HEADER = YES;
				CLANG_WARN_RANGE_LOOP_ANALYSIS = YES;
				CLANG_WARN_STRICT_PROTOTYPES = YES;
				CLANG_WARN_SUSPICIOUS_MOVE = YES;
				CLANG_WARN_UNGUARDED_AVAILABILITY = YES_AGGRESSIVE;
				CLANG_WARN_UNREACHABLE_CODE = YES;
				CLANG_WARN__DUPLICATE_METHOD_MATCH = YES;
				COPY_PHASE_STRIP = NO;
				DEBUG_INFORMATION_FORMAT = "dwarf-with-dsym";
				ENABLE_NS_ASSERTIONS = NO;
				ENABLE_STRICT_OBJC_MSGSEND = YES;
				GCC_C_LANGUAGE_STANDARD = gnu11;
				GCC_NO_COMMON_BLOCKS = YES;
				GCC_WARN_64_TO_32_BIT_CONVERSION = YES;
				GCC_WARN_ABOUT_RETURN_TYPE = YES_ERROR;
				GCC_WARN_UNDECLARED_SELECTOR = YES;
				GCC_WARN_UNINITIALIZED_AUTOS = YES_AGGRESSIVE;
				GCC_WARN_UNUSED_FUNCTION = YES;
				GCC_WARN_UNUSED_VARIABLE = YES;
				IPHONEOS_DEPLOYMENT_TARGET = 15.4;
				MTL_ENABLE_DEBUG_INFO = NO;
				MTL_FAST_MATH = YES;
				SDKROOT = iphoneos;
				SWIFT_COMPILATION_MODE = wholemodule;
				SWIFT_OPTIMIZATION_LEVEL = "-O";
				VALIDATE_PRODUCT = YES;
			};
			name = Release;
		};
		4FEC358E28228E640062A796 /* Debug */ = {
			isa = XCBuildConfiguration;
			buildSettings = {
				ASSETCATALOG_COMPILER_APPICON_NAME = AppIcon;
				ASSETCATALOG_COMPILER_GLOBAL_ACCENT_COLOR_NAME = AccentColor;
				CODE_SIGN_STYLE = Automatic;
				CURRENT_PROJECT_VERSION = 1;
				DEVELOPMENT_TEAM = 9T68GCY58Q;
				GENERATE_INFOPLIST_FILE = YES;
				INFOPLIST_FILE = NewsApp/Info.plist;
				INFOPLIST_KEY_UIApplicationSupportsIndirectInputEvents = YES;
				INFOPLIST_KEY_UILaunchStoryboardName = LaunchScreen;
				INFOPLIST_KEY_UIMainStoryboardFile = Main;
				INFOPLIST_KEY_UISupportedInterfaceOrientations_iPad = "UIInterfaceOrientationPortrait UIInterfaceOrientationPortraitUpsideDown UIInterfaceOrientationLandscapeLeft UIInterfaceOrientationLandscapeRight";
				INFOPLIST_KEY_UISupportedInterfaceOrientations_iPhone = "UIInterfaceOrientationPortrait UIInterfaceOrientationLandscapeLeft UIInterfaceOrientationLandscapeRight";
				LD_RUNPATH_SEARCH_PATHS = (
					"$(inherited)",
					"@executable_path/Frameworks",
				);
				MARKETING_VERSION = 1.0;
				PRODUCT_BUNDLE_IDENTIFIER = cn.chajingui.NewsApp;
				PRODUCT_NAME = "$(TARGET_NAME)";
				SWIFT_EMIT_LOC_STRINGS = YES;
				SWIFT_VERSION = 5.0;
				TARGETED_DEVICE_FAMILY = "1,2";
			};
			name = Debug;
		};
		4FEC358F28228E640062A796 /* Release */ = {
			isa = XCBuildConfiguration;
			buildSettings = {
				ASSETCATALOG_COMPILER_APPICON_NAME = AppIcon;
				ASSETCATALOG_COMPILER_GLOBAL_ACCENT_COLOR_NAME = AccentColor;
				CODE_SIGN_STYLE = Automatic;
				CURRENT_PROJECT_VERSION = 1;
				DEVELOPMENT_TEAM = 9T68GCY58Q;
				GENERATE_INFOPLIST_FILE = YES;
				INFOPLIST_FILE = NewsApp/Info.plist;
				INFOPLIST_KEY_UIApplicationSupportsIndirectInputEvents = YES;
				INFOPLIST_KEY_UILaunchStoryboardName = LaunchScreen;
				INFOPLIST_KEY_UIMainStoryboardFile = Main;
				INFOPLIST_KEY_UISupportedInterfaceOrientations_iPad = "UIInterfaceOrientationPortrait UIInterfaceOrientationPortraitUpsideDown UIInterfaceOrientationLandscapeLeft UIInterfaceOrientationLandscapeRight";
				INFOPLIST_KEY_UISupportedInterfaceOrientations_iPhone = "UIInterfaceOrientationPortrait UIInterfaceOrientationLandscapeLeft UIInterfaceOrientationLandscapeRight";
				LD_RUNPATH_SEARCH_PATHS = (
					"$(inherited)",
					"@executable_path/Frameworks",
				);
				MARKETING_VERSION = 1.0;
				PRODUCT_BUNDLE_IDENTIFIER = cn.chajingui.NewsApp;
				PRODUCT_NAME = "$(TARGET_NAME)";
				SWIFT_EMIT_LOC_STRINGS = YES;
				SWIFT_VERSION = 5.0;
				TARGETED_DEVICE_FAMILY = "1,2";
			};
			name = Release;
		};
		4FEC359128228E640062A796 /* Debug */ = {
			isa = XCBuildConfiguration;
			buildSettings = {
				ALWAYS_EMBED_SWIFT_STANDARD_LIBRARIES = YES;
				BUNDLE_LOADER = "$(TEST_HOST)";
				CODE_SIGN_STYLE = Automatic;
				CURRENT_PROJECT_VERSION = 1;
				DEVELOPMENT_TEAM = 9T68GCY58Q;
				GENERATE_INFOPLIST_FILE = YES;
				IPHONEOS_DEPLOYMENT_TARGET = 15.4;
				MARKETING_VERSION = 1.0;
				PRODUCT_BUNDLE_IDENTIFIER = cn.chajingui.NewsAppTests;
				PRODUCT_NAME = "$(TARGET_NAME)";
				SWIFT_EMIT_LOC_STRINGS = NO;
				SWIFT_VERSION = 5.0;
				TARGETED_DEVICE_FAMILY = "1,2";
				TEST_HOST = "$(BUILT_PRODUCTS_DIR)/NewsApp.app/NewsApp";
			};
			name = Debug;
		};
		4FEC359228228E640062A796 /* Release */ = {
			isa = XCBuildConfiguration;
			buildSettings = {
				ALWAYS_EMBED_SWIFT_STANDARD_LIBRARIES = YES;
				BUNDLE_LOADER = "$(TEST_HOST)";
				CODE_SIGN_STYLE = Automatic;
				CURRENT_PROJECT_VERSION = 1;
				DEVELOPMENT_TEAM = 9T68GCY58Q;
				GENERATE_INFOPLIST_FILE = YES;
				IPHONEOS_DEPLOYMENT_TARGET = 15.4;
				MARKETING_VERSION = 1.0;
				PRODUCT_BUNDLE_IDENTIFIER = cn.chajingui.NewsAppTests;
				PRODUCT_NAME = "$(TARGET_NAME)";
				SWIFT_EMIT_LOC_STRINGS = NO;
				SWIFT_VERSION = 5.0;
				TARGETED_DEVICE_FAMILY = "1,2";
				TEST_HOST = "$(BUILT_PRODUCTS_DIR)/NewsApp.app/NewsApp";
			};
			name = Release;
		};
		4FEC359428228E640062A796 /* Debug */ = {
			isa = XCBuildConfiguration;
			buildSettings = {
				ALWAYS_EMBED_SWIFT_STANDARD_LIBRARIES = YES;
				CODE_SIGN_STYLE = Automatic;
				CURRENT_PROJECT_VERSION = 1;
				DEVELOPMENT_TEAM = 9T68GCY58Q;
				GENERATE_INFOPLIST_FILE = YES;
				MARKETING_VERSION = 1.0;
				PRODUCT_BUNDLE_IDENTIFIER = cn.chajingui.NewsAppUITests;
				PRODUCT_NAME = "$(TARGET_NAME)";
				SWIFT_EMIT_LOC_STRINGS = NO;
				SWIFT_VERSION = 5.0;
				TARGETED_DEVICE_FAMILY = "1,2";
				TEST_TARGET_NAME = NewsApp;
			};
			name = Debug;
		};
		4FEC359528228E640062A796 /* Release */ = {
			isa = XCBuildConfiguration;
			buildSettings = {
				ALWAYS_EMBED_SWIFT_STANDARD_LIBRARIES = YES;
				CODE_SIGN_STYLE = Automatic;
				CURRENT_PROJECT_VERSION = 1;
				DEVELOPMENT_TEAM = 9T68GCY58Q;
				GENERATE_INFOPLIST_FILE = YES;
				MARKETING_VERSION = 1.0;
				PRODUCT_BUNDLE_IDENTIFIER = cn.chajingui.NewsAppUITests;
				PRODUCT_NAME = "$(TARGET_NAME)";
				SWIFT_EMIT_LOC_STRINGS = NO;
				SWIFT_VERSION = 5.0;
				TARGETED_DEVICE_FAMILY = "1,2";
				TEST_TARGET_NAME = NewsApp;
			};
			name = Release;
		};
/* End XCBuildConfiguration section */

/* Begin XCConfigurationList section */
		4FEC355E28228E630062A796 /* Build configuration list for PBXProject "NewsApp" */ = {
			isa = XCConfigurationList;
			buildConfigurations = (
				4FEC358B28228E640062A796 /* Debug */,
				4FEC358C28228E640062A796 /* Release */,
			);
			defaultConfigurationIsVisible = 0;
			defaultConfigurationName = Release;
		};
		4FEC358D28228E640062A796 /* Build configuration list for PBXNativeTarget "NewsApp" */ = {
			isa = XCConfigurationList;
			buildConfigurations = (
				4FEC358E28228E640062A796 /* Debug */,
				4FEC358F28228E640062A796 /* Release */,
			);
			defaultConfigurationIsVisible = 0;
			defaultConfigurationName = Release;
		};
		4FEC359028228E640062A796 /* Build configuration list for PBXNativeTarget "NewsAppTests" */ = {
			isa = XCConfigurationList;
			buildConfigurations = (
				4FEC359128228E640062A796 /* Debug */,
				4FEC359228228E640062A796 /* Release */,
			);
			defaultConfigurationIsVisible = 0;
			defaultConfigurationName = Release;
		};
		4FEC359328228E640062A796 /* Build configuration list for PBXNativeTarget "NewsAppUITests" */ = {
			isa = XCConfigurationList;
			buildConfigurations = (
				4FEC359428228E640062A796 /* Debug */,
				4FEC359528228E640062A796 /* Release */,
			);
			defaultConfigurationIsVisible = 0;
			defaultConfigurationName = Release;
		};
/* End XCConfigurationList section */
	};
	rootObject = 4FEC355B28228E630062A796 /* Project object */;
}
